// !$*UTF8*$!
{
	archiveVersion = 1;
	classes = {
	};
	objectVersion = 50;
	objects = {

/* Begin PBXBuildFile section */
		3C4DE649214AE41F00985BBB /* Array.swift in Sources */ = {isa = PBXBuildFile; fileRef = 3C4DE648214AE41E00985BBB /* Array.swift */; };
		3C4DE64A214AE41F00985BBB /* Array.swift in Sources */ = {isa = PBXBuildFile; fileRef = 3C4DE648214AE41E00985BBB /* Array.swift */; };
		3C5D47A72142E2480004EF49 /* NYMTAKit.h in Headers */ = {isa = PBXBuildFile; fileRef = 3C5D47A52142E2480004EF49 /* NYMTAKit.h */; settings = {ATTRIBUTES = (Public, ); }; };
		3C5D47AF2142E3400004EF49 /* Colors.swift in Sources */ = {isa = PBXBuildFile; fileRef = 3C5D47AE2142E3400004EF49 /* Colors.swift */; };
		3C5D47B12142E3880004EF49 /* Color.swift in Sources */ = {isa = PBXBuildFile; fileRef = 3C5D47B02142E3880004EF49 /* Color.swift */; };
		3C5D47B72142E9FE0004EF49 /* Station.swift in Sources */ = {isa = PBXBuildFile; fileRef = 3C5D47B62142E9FE0004EF49 /* Station.swift */; };
		3C5D47B92142EA220004EF49 /* Stations.swift in Sources */ = {isa = PBXBuildFile; fileRef = 3C5D47B82142EA220004EF49 /* Stations.swift */; };
		3C5D47BB2142EABA0004EF49 /* Errors.swift in Sources */ = {isa = PBXBuildFile; fileRef = 3C5D47BA2142EABA0004EF49 /* Errors.swift */; };
		3C5D47BD2142ED080004EF49 /* DaytimeRoute.swift in Sources */ = {isa = PBXBuildFile; fileRef = 3C5D47BC2142ED080004EF49 /* DaytimeRoute.swift */; };
		3C5D47BF2142EDA40004EF49 /* Complex.swift in Sources */ = {isa = PBXBuildFile; fileRef = 3C5D47BE2142EDA40004EF49 /* Complex.swift */; };
		3C5D47C12142EDE60004EF49 /* Complexes.swift in Sources */ = {isa = PBXBuildFile; fileRef = 3C5D47C02142EDE60004EF49 /* Complexes.swift */; };
		3C5D47C32142EE570004EF49 /* DataSource.swift in Sources */ = {isa = PBXBuildFile; fileRef = 3C5D47C22142EE570004EF49 /* DataSource.swift */; };
		3C5D47C52142F2720004EF49 /* Entrance.swift in Sources */ = {isa = PBXBuildFile; fileRef = 3C5D47C42142F2720004EF49 /* Entrance.swift */; };
		3C5D47C72142F27A0004EF49 /* Entrances.swift in Sources */ = {isa = PBXBuildFile; fileRef = 3C5D47C62142F27A0004EF49 /* Entrances.swift */; };
		3C77287F214981400070E314 /* CSV.framework in Frameworks */ = {isa = PBXBuildFile; fileRef = 3C77287D214981400070E314 /* CSV.framework */; };
		3C772880214981400070E314 /* GTFSKit.framework in Frameworks */ = {isa = PBXBuildFile; fileRef = 3C77287E214981400070E314 /* GTFSKit.framework */; };
		3C772881214981850070E314 /* CSV.framework in Frameworks */ = {isa = PBXBuildFile; fileRef = 3C77287D214981400070E314 /* CSV.framework */; };
		3C772882214981850070E314 /* GTFSKit.framework in Frameworks */ = {isa = PBXBuildFile; fileRef = 3C77287E214981400070E314 /* GTFSKit.framework */; };
		3C772885214981B00070E314 /* GTFSKit.framework in CopyFiles */ = {isa = PBXBuildFile; fileRef = 3C772883214981B00070E314 /* GTFSKit.framework */; settings = {ATTRIBUTES = (CodeSignOnCopy, RemoveHeadersOnCopy, ); }; };
		3C772886214981B00070E314 /* CSV.framework in CopyFiles */ = {isa = PBXBuildFile; fileRef = 3C772884214981B00070E314 /* CSV.framework */; settings = {ATTRIBUTES = (CodeSignOnCopy, RemoveHeadersOnCopy, ); }; };
		3C8921AA2148CF4B004AA78A /* CSV.framework in Frameworks */ = {isa = PBXBuildFile; fileRef = 3C8921A92148CF4B004AA78A /* CSV.framework */; };
		3C8921AB2148CF63004AA78A /* CSV.framework in CopyFiles */ = {isa = PBXBuildFile; fileRef = 3C8921A92148CF4B004AA78A /* CSV.framework */; settings = {ATTRIBUTES = (CodeSignOnCopy, RemoveHeadersOnCopy, ); }; };
		3C892254214975BF004AA78A /* NYMTAKit.framework in Frameworks */ = {isa = PBXBuildFile; fileRef = 3C89220021496E21004AA78A /* NYMTAKit.framework */; };
		3C89226D2149787B004AA78A /* Shared.swift in Sources */ = {isa = PBXBuildFile; fileRef = 3CCA63BE214394B40057E454 /* Shared.swift */; };
		3C89226E2149787B004AA78A /* ColorsTest.swift in Sources */ = {isa = PBXBuildFile; fileRef = 3CCA63B7214387600057E454 /* ColorsTest.swift */; };
		3C89226F2149787B004AA78A /* ComplexesTest.swift in Sources */ = {isa = PBXBuildFile; fileRef = 3CCA63BC214394840057E454 /* ComplexesTest.swift */; };
		3C8922702149787B004AA78A /* StationsTest.swift in Sources */ = {isa = PBXBuildFile; fileRef = 3CCA63C62143A64E0057E454 /* StationsTest.swift */; };
		3C8922712149787B004AA78A /* EntrancesTest.swift in Sources */ = {isa = PBXBuildFile; fileRef = 3CCA63CC2143A7EF0057E454 /* EntrancesTest.swift */; };
		3C89227221497887004AA78A /* MTA - StationEntrances.csv in Resources */ = {isa = PBXBuildFile; fileRef = 3CCA63CA2143A7D90057E454 /* MTA - StationEntrances.csv */; };
		3C89227321497887004AA78A /* NYC - MTA Subway Stations.csv in Resources */ = {isa = PBXBuildFile; fileRef = 3CCA63C82143A6730057E454 /* NYC - MTA Subway Stations.csv */; };
		3C89227421497887004AA78A /* MTA - StationComplexes.csv in Resources */ = {isa = PBXBuildFile; fileRef = 3CCA63C0214399540057E454 /* MTA - StationComplexes.csv */; };
		3C89227521497887004AA78A /* MTA - colors.fixed.csv in Resources */ = {isa = PBXBuildFile; fileRef = 3CCA63BA21438CD30057E454 /* MTA - colors.fixed.csv */; };
		3C89229C21497BF1004AA78A /* Colors.swift in Sources */ = {isa = PBXBuildFile; fileRef = 3C5D47AE2142E3400004EF49 /* Colors.swift */; };
		3C89229D21497BF1004AA78A /* Stations.swift in Sources */ = {isa = PBXBuildFile; fileRef = 3C5D47B82142EA220004EF49 /* Stations.swift */; };
		3C89229E21497BF1004AA78A /* Complexes.swift in Sources */ = {isa = PBXBuildFile; fileRef = 3C5D47C02142EDE60004EF49 /* Complexes.swift */; };
		3C89229F21497BF1004AA78A /* DataSource.swift in Sources */ = {isa = PBXBuildFile; fileRef = 3C5D47C22142EE570004EF49 /* DataSource.swift */; };
		3C8922A021497BF1004AA78A /* Entrances.swift in Sources */ = {isa = PBXBuildFile; fileRef = 3C5D47C62142F27A0004EF49 /* Entrances.swift */; };
		3C8922A121497BF1004AA78A /* Color.swift in Sources */ = {isa = PBXBuildFile; fileRef = 3C5D47B02142E3880004EF49 /* Color.swift */; };
		3C8922A221497BF1004AA78A /* Complex.swift in Sources */ = {isa = PBXBuildFile; fileRef = 3C5D47BE2142EDA40004EF49 /* Complex.swift */; };
		3C8922A321497BF1004AA78A /* DaytimeRoute.swift in Sources */ = {isa = PBXBuildFile; fileRef = 3C5D47BC2142ED080004EF49 /* DaytimeRoute.swift */; };
		3C8922A421497BF1004AA78A /* Entrance.swift in Sources */ = {isa = PBXBuildFile; fileRef = 3C5D47C42142F2720004EF49 /* Entrance.swift */; };
		3C8922A521497BF1004AA78A /* Errors.swift in Sources */ = {isa = PBXBuildFile; fileRef = 3C5D47BA2142EABA0004EF49 /* Errors.swift */; };
		3C8922A621497BF1004AA78A /* Station.swift in Sources */ = {isa = PBXBuildFile; fileRef = 3C5D47B62142E9FE0004EF49 /* Station.swift */; };
		3C8922A721497BF1004AA78A /* NYMTAKit.h in Headers */ = {isa = PBXBuildFile; fileRef = 3C5D47A52142E2480004EF49 /* NYMTAKit.h */; settings = {ATTRIBUTES = (Public, ); }; };
		3C8922A921497CF6004AA78A /* NSDataAsset.swift in Sources */ = {isa = PBXBuildFile; fileRef = 3C8922A821497CF6004AA78A /* NSDataAsset.swift */; };
		3C8922AA21497CF6004AA78A /* NSDataAsset.swift in Sources */ = {isa = PBXBuildFile; fileRef = 3C8922A821497CF6004AA78A /* NSDataAsset.swift */; };
		3CCA639C214381630057E454 /* Cartfile in Resources */ = {isa = PBXBuildFile; fileRef = 3CCA639B214381630057E454 /* Cartfile */; };
		3CCA63A1214381CD0057E454 /* GTFSKit.framework in Frameworks */ = {isa = PBXBuildFile; fileRef = 3CCA639F214381CD0057E454 /* GTFSKit.framework */; };
		3CCA63AB214381E40057E454 /* NYMTAKit.framework in Frameworks */ = {isa = PBXBuildFile; fileRef = 3C5D47A22142E2470004EF49 /* NYMTAKit.framework */; };
		3CCA63B3214381F70057E454 /* GTFSKit.framework in CopyFiles */ = {isa = PBXBuildFile; fileRef = 3CCA639F214381CD0057E454 /* GTFSKit.framework */; settings = {ATTRIBUTES = (CodeSignOnCopy, RemoveHeadersOnCopy, ); }; };
		3CCA63B5214383EE0057E454 /* HEXColor.framework in Frameworks */ = {isa = PBXBuildFile; fileRef = 3CCA63B4214383EE0057E454 /* HEXColor.framework */; };
		3CCA63B6214383FB0057E454 /* HEXColor.framework in CopyFiles */ = {isa = PBXBuildFile; fileRef = 3CCA63B4214383EE0057E454 /* HEXColor.framework */; settings = {ATTRIBUTES = (CodeSignOnCopy, RemoveHeadersOnCopy, ); }; };
		3CCA63B8214387600057E454 /* ColorsTest.swift in Sources */ = {isa = PBXBuildFile; fileRef = 3CCA63B7214387600057E454 /* ColorsTest.swift */; };
		3CCA63BB21438CD30057E454 /* MTA - colors.fixed.csv in Resources */ = {isa = PBXBuildFile; fileRef = 3CCA63BA21438CD30057E454 /* MTA - colors.fixed.csv */; };
		3CCA63BD214394840057E454 /* ComplexesTest.swift in Sources */ = {isa = PBXBuildFile; fileRef = 3CCA63BC214394840057E454 /* ComplexesTest.swift */; };
		3CCA63BF214394B40057E454 /* Shared.swift in Sources */ = {isa = PBXBuildFile; fileRef = 3CCA63BE214394B40057E454 /* Shared.swift */; };
		3CCA63C1214399540057E454 /* MTA - StationComplexes.csv in Resources */ = {isa = PBXBuildFile; fileRef = 3CCA63C0214399540057E454 /* MTA - StationComplexes.csv */; };
		3CCA63C72143A64E0057E454 /* StationsTest.swift in Sources */ = {isa = PBXBuildFile; fileRef = 3CCA63C62143A64E0057E454 /* StationsTest.swift */; };
		3CCA63C92143A6730057E454 /* NYC - MTA Subway Stations.csv in Resources */ = {isa = PBXBuildFile; fileRef = 3CCA63C82143A6730057E454 /* NYC - MTA Subway Stations.csv */; };
		3CCA63CB2143A7DA0057E454 /* MTA - StationEntrances.csv in Resources */ = {isa = PBXBuildFile; fileRef = 3CCA63CA2143A7D90057E454 /* MTA - StationEntrances.csv */; };
		3CCA63CD2143A7EF0057E454 /* EntrancesTest.swift in Sources */ = {isa = PBXBuildFile; fileRef = 3CCA63CC2143A7EF0057E454 /* EntrancesTest.swift */; };
/* End PBXBuildFile section */

/* Begin PBXContainerItemProxy section */
		3C892255214975BF004AA78A /* PBXContainerItemProxy */ = {
			isa = PBXContainerItemProxy;
			containerPortal = 3C5D47992142E2470004EF49 /* Project object */;
			proxyType = 1;
			remoteGlobalIDString = 3C8921FF21496E21004AA78A;
			remoteInfo = "NYMTAKit-macOS";
		};
		3CCA63AC214381E40057E454 /* PBXContainerItemProxy */ = {
			isa = PBXContainerItemProxy;
			containerPortal = 3C5D47992142E2470004EF49 /* Project object */;
			proxyType = 1;
			remoteGlobalIDString = 3C5D47A12142E2470004EF49;
			remoteInfo = NYMTAKit;
		};
/* End PBXContainerItemProxy section */

/* Begin PBXCopyFilesBuildPhase section */
		3C89227C21497A6C004AA78A /* CopyFiles */ = {
			isa = PBXCopyFilesBuildPhase;
			buildActionMask = 2147483647;
			dstPath = "";
			dstSubfolderSpec = 10;
			files = (
				3C772885214981B00070E314 /* GTFSKit.framework in CopyFiles */,
				3C772886214981B00070E314 /* CSV.framework in CopyFiles */,
			);
			runOnlyForDeploymentPostprocessing = 0;
		};
		3CCA63B1214381F00057E454 /* CopyFiles */ = {
			isa = PBXCopyFilesBuildPhase;
			buildActionMask = 2147483647;
			dstPath = "";
			dstSubfolderSpec = 10;
			files = (
				3C8921AB2148CF63004AA78A /* CSV.framework in CopyFiles */,
				3CCA63B6214383FB0057E454 /* HEXColor.framework in CopyFiles */,
				3CCA63B3214381F70057E454 /* GTFSKit.framework in CopyFiles */,
			);
			runOnlyForDeploymentPostprocessing = 0;
		};
/* End PBXCopyFilesBuildPhase section */

/* Begin PBXFileReference section */
		3C4DE648214AE41E00985BBB /* Array.swift */ = {isa = PBXFileReference; fileEncoding = 4; lastKnownFileType = sourcecode.swift; path = Array.swift; sourceTree = "<group>"; };
		3C5D47A22142E2470004EF49 /* NYMTAKit.framework */ = {isa = PBXFileReference; explicitFileType = wrapper.framework; includeInIndex = 0; path = NYMTAKit.framework; sourceTree = BUILT_PRODUCTS_DIR; };
		3C5D47A52142E2480004EF49 /* NYMTAKit.h */ = {isa = PBXFileReference; lastKnownFileType = sourcecode.c.h; path = NYMTAKit.h; sourceTree = "<group>"; };
		3C5D47A62142E2480004EF49 /* Info.plist */ = {isa = PBXFileReference; lastKnownFileType = text.plist.xml; path = Info.plist; sourceTree = "<group>"; };
		3C5D47AE2142E3400004EF49 /* Colors.swift */ = {isa = PBXFileReference; lastKnownFileType = sourcecode.swift; path = Colors.swift; sourceTree = "<group>"; };
		3C5D47B02142E3880004EF49 /* Color.swift */ = {isa = PBXFileReference; lastKnownFileType = sourcecode.swift; path = Color.swift; sourceTree = "<group>"; };
		3C5D47B62142E9FE0004EF49 /* Station.swift */ = {isa = PBXFileReference; lastKnownFileType = sourcecode.swift; path = Station.swift; sourceTree = "<group>"; };
		3C5D47B82142EA220004EF49 /* Stations.swift */ = {isa = PBXFileReference; lastKnownFileType = sourcecode.swift; path = Stations.swift; sourceTree = "<group>"; };
		3C5D47BA2142EABA0004EF49 /* Errors.swift */ = {isa = PBXFileReference; lastKnownFileType = sourcecode.swift; path = Errors.swift; sourceTree = "<group>"; };
		3C5D47BC2142ED080004EF49 /* DaytimeRoute.swift */ = {isa = PBXFileReference; lastKnownFileType = sourcecode.swift; path = DaytimeRoute.swift; sourceTree = "<group>"; };
		3C5D47BE2142EDA40004EF49 /* Complex.swift */ = {isa = PBXFileReference; lastKnownFileType = sourcecode.swift; path = Complex.swift; sourceTree = "<group>"; };
		3C5D47C02142EDE60004EF49 /* Complexes.swift */ = {isa = PBXFileReference; lastKnownFileType = sourcecode.swift; path = Complexes.swift; sourceTree = "<group>"; };
		3C5D47C22142EE570004EF49 /* DataSource.swift */ = {isa = PBXFileReference; lastKnownFileType = sourcecode.swift; path = DataSource.swift; sourceTree = "<group>"; };
		3C5D47C42142F2720004EF49 /* Entrance.swift */ = {isa = PBXFileReference; lastKnownFileType = sourcecode.swift; path = Entrance.swift; sourceTree = "<group>"; };
		3C5D47C62142F27A0004EF49 /* Entrances.swift */ = {isa = PBXFileReference; lastKnownFileType = sourcecode.swift; path = Entrances.swift; sourceTree = "<group>"; };
		3C77287D214981400070E314 /* CSV.framework */ = {isa = PBXFileReference; lastKnownFileType = wrapper.framework; name = CSV.framework; path = Carthage/Build/Mac/CSV.framework; sourceTree = "<group>"; };
		3C77287E214981400070E314 /* GTFSKit.framework */ = {isa = PBXFileReference; lastKnownFileType = wrapper.framework; name = GTFSKit.framework; path = Carthage/Build/Mac/GTFSKit.framework; sourceTree = "<group>"; };
		3C772883214981B00070E314 /* GTFSKit.framework */ = {isa = PBXFileReference; lastKnownFileType = wrapper.framework; path = GTFSKit.framework; sourceTree = "<group>"; };
		3C772884214981B00070E314 /* CSV.framework */ = {isa = PBXFileReference; lastKnownFileType = wrapper.framework; path = CSV.framework; sourceTree = "<group>"; };
		3C8921A92148CF4B004AA78A /* CSV.framework */ = {isa = PBXFileReference; lastKnownFileType = wrapper.framework; name = CSV.framework; path = Carthage/Build/iOS/CSV.framework; sourceTree = "<group>"; };
		3C89220021496E21004AA78A /* NYMTAKit.framework */ = {isa = PBXFileReference; explicitFileType = wrapper.framework; includeInIndex = 0; path = NYMTAKit.framework; sourceTree = BUILT_PRODUCTS_DIR; };
		3C8922472149757F004AA78A /* GTFSKit.framework */ = {isa = PBXFileReference; lastKnownFileType = wrapper.framework; name = GTFSKit.framework; path = Carthage/Build/macOS/GTFSKit.framework; sourceTree = "<group>"; };
		3C8922482149757F004AA78A /* CSV.framework */ = {isa = PBXFileReference; lastKnownFileType = wrapper.framework; name = CSV.framework; path = Carthage/Build/macOS/CSV.framework; sourceTree = "<group>"; };
		3C89224F214975BF004AA78A /* NYMTAKitTests.xctest */ = {isa = PBXFileReference; explicitFileType = wrapper.cfbundle; includeInIndex = 0; path = NYMTAKitTests.xctest; sourceTree = BUILT_PRODUCTS_DIR; };
		3C8922A821497CF6004AA78A /* NSDataAsset.swift */ = {isa = PBXFileReference; lastKnownFileType = sourcecode.swift; path = NSDataAsset.swift; sourceTree = "<group>"; };
		3CCA639B214381630057E454 /* Cartfile */ = {isa = PBXFileReference; lastKnownFileType = text; path = Cartfile; sourceTree = "<group>"; };
		3CCA639F214381CD0057E454 /* GTFSKit.framework */ = {isa = PBXFileReference; lastKnownFileType = wrapper.framework; name = GTFSKit.framework; path = Carthage/Build/iOS/GTFSKit.framework; sourceTree = "<group>"; };
		3CCA63A6214381E40057E454 /* NYMTAKitTests.xctest */ = {isa = PBXFileReference; explicitFileType = wrapper.cfbundle; includeInIndex = 0; path = NYMTAKitTests.xctest; sourceTree = BUILT_PRODUCTS_DIR; };
		3CCA63AA214381E40057E454 /* Info.plist */ = {isa = PBXFileReference; lastKnownFileType = text.plist.xml; path = Info.plist; sourceTree = "<group>"; };
		3CCA63B4214383EE0057E454 /* HEXColor.framework */ = {isa = PBXFileReference; lastKnownFileType = wrapper.framework; name = HEXColor.framework; path = Carthage/Build/iOS/HEXColor.framework; sourceTree = "<group>"; };
		3CCA63B7214387600057E454 /* ColorsTest.swift */ = {isa = PBXFileReference; lastKnownFileType = sourcecode.swift; path = ColorsTest.swift; sourceTree = "<group>"; };
		3CCA63BA21438CD30057E454 /* MTA - colors.fixed.csv */ = {isa = PBXFileReference; fileEncoding = 4; lastKnownFileType = text; path = "MTA - colors.fixed.csv"; sourceTree = "<group>"; };
		3CCA63BC214394840057E454 /* ComplexesTest.swift */ = {isa = PBXFileReference; lastKnownFileType = sourcecode.swift; path = ComplexesTest.swift; sourceTree = "<group>"; };
		3CCA63BE214394B40057E454 /* Shared.swift */ = {isa = PBXFileReference; lastKnownFileType = sourcecode.swift; path = Shared.swift; sourceTree = "<group>"; };
		3CCA63C0214399540057E454 /* MTA - StationComplexes.csv */ = {isa = PBXFileReference; fileEncoding = 4; lastKnownFileType = text; path = "MTA - StationComplexes.csv"; sourceTree = "<group>"; };
		3CCA63C62143A64E0057E454 /* StationsTest.swift */ = {isa = PBXFileReference; lastKnownFileType = sourcecode.swift; path = StationsTest.swift; sourceTree = "<group>"; };
		3CCA63C82143A6730057E454 /* NYC - MTA Subway Stations.csv */ = {isa = PBXFileReference; fileEncoding = 4; lastKnownFileType = text; path = "NYC - MTA Subway Stations.csv"; sourceTree = "<group>"; };
		3CCA63CA2143A7D90057E454 /* MTA - StationEntrances.csv */ = {isa = PBXFileReference; fileEncoding = 4; lastKnownFileType = text; path = "MTA - StationEntrances.csv"; sourceTree = "<group>"; };
		3CCA63CC2143A7EF0057E454 /* EntrancesTest.swift */ = {isa = PBXFileReference; lastKnownFileType = sourcecode.swift; path = EntrancesTest.swift; sourceTree = "<group>"; };
/* End PBXFileReference section */

/* Begin PBXFrameworksBuildPhase section */
		3C5D479E2142E2470004EF49 /* Frameworks */ = {
			isa = PBXFrameworksBuildPhase;
			buildActionMask = 2147483647;
			files = (
				3C8921AA2148CF4B004AA78A /* CSV.framework in Frameworks */,
				3CCA63B5214383EE0057E454 /* HEXColor.framework in Frameworks */,
				3CCA63A1214381CD0057E454 /* GTFSKit.framework in Frameworks */,
			);
			runOnlyForDeploymentPostprocessing = 0;
		};
		3C8921FC21496E21004AA78A /* Frameworks */ = {
			isa = PBXFrameworksBuildPhase;
			buildActionMask = 2147483647;
			files = (
				3C77287F214981400070E314 /* CSV.framework in Frameworks */,
				3C772880214981400070E314 /* GTFSKit.framework in Frameworks */,
			);
			runOnlyForDeploymentPostprocessing = 0;
		};
		3C89224C214975BF004AA78A /* Frameworks */ = {
			isa = PBXFrameworksBuildPhase;
			buildActionMask = 2147483647;
			files = (
				3C892254214975BF004AA78A /* NYMTAKit.framework in Frameworks */,
				3C772881214981850070E314 /* CSV.framework in Frameworks */,
				3C772882214981850070E314 /* GTFSKit.framework in Frameworks */,
			);
			runOnlyForDeploymentPostprocessing = 0;
		};
		3CCA63A3214381E40057E454 /* Frameworks */ = {
			isa = PBXFrameworksBuildPhase;
			buildActionMask = 2147483647;
			files = (
				3CCA63AB214381E40057E454 /* NYMTAKit.framework in Frameworks */,
			);
			runOnlyForDeploymentPostprocessing = 0;
		};
/* End PBXFrameworksBuildPhase section */

/* Begin PBXGroup section */
		3C5D47982142E2470004EF49 = {
			isa = PBXGroup;
			children = (
				3CCA639B214381630057E454 /* Cartfile */,
				3C5D47B52142E8C70004EF49 /* DataSources */,
				3C5D47AD2142E2F70004EF49 /* Types */,
				3CCA63C32143A31E0057E454 /* Utility */,
				3C5D47A42142E2470004EF49 /* NYMTAKit */,
				3CCA63A7214381E40057E454 /* NYMTAKitTests */,
				3C5D47A32142E2470004EF49 /* Products */,
				3CCA639D214381CD0057E454 /* Frameworks */,
			);
			sourceTree = "<group>";
		};
		3C5D47A32142E2470004EF49 /* Products */ = {
			isa = PBXGroup;
			children = (
				3C5D47A22142E2470004EF49 /* NYMTAKit.framework */,
				3CCA63A6214381E40057E454 /* NYMTAKitTests.xctest */,
				3C89220021496E21004AA78A /* NYMTAKit.framework */,
				3C89224F214975BF004AA78A /* NYMTAKitTests.xctest */,
			);
			name = Products;
			sourceTree = "<group>";
		};
		3C5D47A42142E2470004EF49 /* NYMTAKit */ = {
			isa = PBXGroup;
			children = (
				3C5D47A52142E2480004EF49 /* NYMTAKit.h */,
				3C5D47A62142E2480004EF49 /* Info.plist */,
			);
			path = NYMTAKit;
			sourceTree = "<group>";
		};
		3C5D47AD2142E2F70004EF49 /* Types */ = {
			isa = PBXGroup;
			children = (
				3C5D47B02142E3880004EF49 /* Color.swift */,
				3C5D47BE2142EDA40004EF49 /* Complex.swift */,
				3C5D47BC2142ED080004EF49 /* DaytimeRoute.swift */,
				3C5D47C42142F2720004EF49 /* Entrance.swift */,
				3C5D47BA2142EABA0004EF49 /* Errors.swift */,
				3C5D47B62142E9FE0004EF49 /* Station.swift */,
			);
			path = Types;
			sourceTree = "<group>";
		};
		3C5D47B52142E8C70004EF49 /* DataSources */ = {
			isa = PBXGroup;
			children = (
				3C5D47AE2142E3400004EF49 /* Colors.swift */,
				3C5D47B82142EA220004EF49 /* Stations.swift */,
				3C5D47C02142EDE60004EF49 /* Complexes.swift */,
				3C5D47C22142EE570004EF49 /* DataSource.swift */,
				3C5D47C62142F27A0004EF49 /* Entrances.swift */,
			);
			path = DataSources;
			sourceTree = "<group>";
		};
		3CCA639D214381CD0057E454 /* Frameworks */ = {
			isa = PBXGroup;
			children = (
				3C8921A92148CF4B004AA78A /* CSV.framework */,
				3C8922482149757F004AA78A /* CSV.framework */,
				3C772884214981B00070E314 /* CSV.framework */,
				3C8922472149757F004AA78A /* GTFSKit.framework */,
				3C77287D214981400070E314 /* CSV.framework */,
				3C77287E214981400070E314 /* GTFSKit.framework */,
				3C772883214981B00070E314 /* GTFSKit.framework */,
				3CCA63B4214383EE0057E454 /* HEXColor.framework */,
				3CCA639F214381CD0057E454 /* GTFSKit.framework */,
			);
			name = Frameworks;
			sourceTree = "<group>";
		};
		3CCA63A7214381E40057E454 /* NYMTAKitTests */ = {
			isa = PBXGroup;
			children = (
				3CCA63AA214381E40057E454 /* Info.plist */,
				3CCA63BE214394B40057E454 /* Shared.swift */,
				3CCA63B7214387600057E454 /* ColorsTest.swift */,
				3CCA63BC214394840057E454 /* ComplexesTest.swift */,
				3CCA63C62143A64E0057E454 /* StationsTest.swift */,
				3CCA63CC2143A7EF0057E454 /* EntrancesTest.swift */,
				3CCA63B921438CB10057E454 /* Test Data */,
			);
			path = NYMTAKitTests;
			sourceTree = "<group>";
		};
		3CCA63B921438CB10057E454 /* Test Data */ = {
			isa = PBXGroup;
			children = (
				3CCA63CA2143A7D90057E454 /* MTA - StationEntrances.csv */,
				3CCA63C82143A6730057E454 /* NYC - MTA Subway Stations.csv */,
				3CCA63C0214399540057E454 /* MTA - StationComplexes.csv */,
				3CCA63BA21438CD30057E454 /* MTA - colors.fixed.csv */,
			);
			path = "Test Data";
			sourceTree = "<group>";
		};
		3CCA63C32143A31E0057E454 /* Utility */ = {
			isa = PBXGroup;
			children = (
				3C4DE648214AE41E00985BBB /* Array.swift */,
				3C8922A821497CF6004AA78A /* NSDataAsset.swift */,
			);
			path = Utility;
			sourceTree = "<group>";
		};
/* End PBXGroup section */

/* Begin PBXHeadersBuildPhase section */
		3C5D479F2142E2470004EF49 /* Headers */ = {
			isa = PBXHeadersBuildPhase;
			buildActionMask = 2147483647;
			files = (
				3C5D47A72142E2480004EF49 /* NYMTAKit.h in Headers */,
			);
			runOnlyForDeploymentPostprocessing = 0;
		};
		3C8921FD21496E21004AA78A /* Headers */ = {
			isa = PBXHeadersBuildPhase;
			buildActionMask = 2147483647;
			files = (
				3C8922A721497BF1004AA78A /* NYMTAKit.h in Headers */,
			);
			runOnlyForDeploymentPostprocessing = 0;
		};
/* End PBXHeadersBuildPhase section */

/* Begin PBXNativeTarget section */
		3C5D47A12142E2470004EF49 /* NYMTAKit-iOS */ = {
			isa = PBXNativeTarget;
			buildConfigurationList = 3C5D47AA2142E2480004EF49 /* Build configuration list for PBXNativeTarget "NYMTAKit-iOS" */;
			buildPhases = (
				3C5D479D2142E2470004EF49 /* Sources */,
				3C5D479E2142E2470004EF49 /* Frameworks */,
				3C5D479F2142E2470004EF49 /* Headers */,
				3C5D47A02142E2470004EF49 /* Resources */,
			);
			buildRules = (
			);
			dependencies = (
			);
			name = "NYMTAKit-iOS";
			productName = NYMTAKit;
			productReference = 3C5D47A22142E2470004EF49 /* NYMTAKit.framework */;
			productType = "com.apple.product-type.framework";
		};
		3C8921FF21496E21004AA78A /* NYMTAKit-macOS */ = {
			isa = PBXNativeTarget;
			buildConfigurationList = 3C89220521496E21004AA78A /* Build configuration list for PBXNativeTarget "NYMTAKit-macOS" */;
			buildPhases = (
				3C8921FB21496E21004AA78A /* Sources */,
				3C8921FC21496E21004AA78A /* Frameworks */,
				3C8921FD21496E21004AA78A /* Headers */,
				3C8921FE21496E21004AA78A /* Resources */,
			);
			buildRules = (
			);
			dependencies = (
			);
			name = "NYMTAKit-macOS";
			productName = "NYCMTAKit-macOS";
			productReference = 3C89220021496E21004AA78A /* NYMTAKit.framework */;
			productType = "com.apple.product-type.framework";
		};
		3C89224E214975BF004AA78A /* NYMTAKitTests-macOS */ = {
			isa = PBXNativeTarget;
			buildConfigurationList = 3C892257214975BF004AA78A /* Build configuration list for PBXNativeTarget "NYMTAKitTests-macOS" */;
			buildPhases = (
				3C89224B214975BF004AA78A /* Sources */,
				3C89224C214975BF004AA78A /* Frameworks */,
				3C89224D214975BF004AA78A /* Resources */,
				3C89227C21497A6C004AA78A /* CopyFiles */,
			);
			buildRules = (
			);
			dependencies = (
				3C892256214975BF004AA78A /* PBXTargetDependency */,
			);
			name = "NYMTAKitTests-macOS";
			productName = "NYMTAKitTests-macOS";
			productReference = 3C89224F214975BF004AA78A /* NYMTAKitTests.xctest */;
			productType = "com.apple.product-type.bundle.unit-test";
		};
		3CCA63A5214381E40057E454 /* NYMTAKitTests-iOS */ = {
			isa = PBXNativeTarget;
			buildConfigurationList = 3CCA63AE214381E40057E454 /* Build configuration list for PBXNativeTarget "NYMTAKitTests-iOS" */;
			buildPhases = (
				3CCA63A2214381E40057E454 /* Sources */,
				3CCA63A3214381E40057E454 /* Frameworks */,
				3CCA63A4214381E40057E454 /* Resources */,
				3CCA63B1214381F00057E454 /* CopyFiles */,
			);
			buildRules = (
			);
			dependencies = (
				3CCA63AD214381E40057E454 /* PBXTargetDependency */,
			);
			name = "NYMTAKitTests-iOS";
			productName = NYMTAKitTests;
			productReference = 3CCA63A6214381E40057E454 /* NYMTAKitTests.xctest */;
			productType = "com.apple.product-type.bundle.unit-test";
		};
/* End PBXNativeTarget section */

/* Begin PBXProject section */
		3C5D47992142E2470004EF49 /* Project object */ = {
			isa = PBXProject;
			attributes = {
				LastSwiftUpdateCheck = 0940;
				LastUpgradeCheck = 0940;
				ORGANIZATIONNAME = Adorkable;
				TargetAttributes = {
					3C5D47A12142E2470004EF49 = {
						CreatedOnToolsVersion = 9.4.1;
						LastSwiftMigration = 0940;
					};
					3C8921FF21496E21004AA78A = {
						CreatedOnToolsVersion = 9.4.1;
					};
					3C89224E214975BF004AA78A = {
						CreatedOnToolsVersion = 9.4.1;
					};
					3CCA63A5214381E40057E454 = {
						CreatedOnToolsVersion = 9.4.1;
					};
				};
			};
			buildConfigurationList = 3C5D479C2142E2470004EF49 /* Build configuration list for PBXProject "NYMTAKit" */;
			compatibilityVersion = "Xcode 9.3";
			developmentRegion = en;
			hasScannedForEncodings = 0;
			knownRegions = (
				en,
			);
			mainGroup = 3C5D47982142E2470004EF49;
			productRefGroup = 3C5D47A32142E2470004EF49 /* Products */;
			projectDirPath = "";
			projectRoot = "";
			targets = (
				3C5D47A12142E2470004EF49 /* NYMTAKit-iOS */,
				3CCA63A5214381E40057E454 /* NYMTAKitTests-iOS */,
				3C8921FF21496E21004AA78A /* NYMTAKit-macOS */,
				3C89224E214975BF004AA78A /* NYMTAKitTests-macOS */,
			);
		};
/* End PBXProject section */

/* Begin PBXResourcesBuildPhase section */
		3C5D47A02142E2470004EF49 /* Resources */ = {
			isa = PBXResourcesBuildPhase;
			buildActionMask = 2147483647;
			files = (
				3CCA639C214381630057E454 /* Cartfile in Resources */,
			);
			runOnlyForDeploymentPostprocessing = 0;
		};
		3C8921FE21496E21004AA78A /* Resources */ = {
			isa = PBXResourcesBuildPhase;
			buildActionMask = 2147483647;
			files = (
			);
			runOnlyForDeploymentPostprocessing = 0;
		};
		3C89224D214975BF004AA78A /* Resources */ = {
			isa = PBXResourcesBuildPhase;
			buildActionMask = 2147483647;
			files = (
				3C89227321497887004AA78A /* NYC - MTA Subway Stations.csv in Resources */,
				3C89227221497887004AA78A /* MTA - StationEntrances.csv in Resources */,
				3C89227421497887004AA78A /* MTA - StationComplexes.csv in Resources */,
				3C89227521497887004AA78A /* MTA - colors.fixed.csv in Resources */,
			);
			runOnlyForDeploymentPostprocessing = 0;
		};
		3CCA63A4214381E40057E454 /* Resources */ = {
			isa = PBXResourcesBuildPhase;
			buildActionMask = 2147483647;
			files = (
				3CCA63CB2143A7DA0057E454 /* MTA - StationEntrances.csv in Resources */,
				3CCA63BB21438CD30057E454 /* MTA - colors.fixed.csv in Resources */,
				3CCA63C92143A6730057E454 /* NYC - MTA Subway Stations.csv in Resources */,
				3CCA63C1214399540057E454 /* MTA - StationComplexes.csv in Resources */,
			);
			runOnlyForDeploymentPostprocessing = 0;
		};
/* End PBXResourcesBuildPhase section */

/* Begin PBXSourcesBuildPhase section */
		3C5D479D2142E2470004EF49 /* Sources */ = {
			isa = PBXSourcesBuildPhase;
			buildActionMask = 2147483647;
			files = (
				3C5D47C12142EDE60004EF49 /* Complexes.swift in Sources */,
				3C5D47BF2142EDA40004EF49 /* Complex.swift in Sources */,
				3C5D47BD2142ED080004EF49 /* DaytimeRoute.swift in Sources */,
				3C5D47AF2142E3400004EF49 /* Colors.swift in Sources */,
				3C5D47B92142EA220004EF49 /* Stations.swift in Sources */,
				3C5D47C52142F2720004EF49 /* Entrance.swift in Sources */,
				3C8922A921497CF6004AA78A /* NSDataAsset.swift in Sources */,
				3C5D47B72142E9FE0004EF49 /* Station.swift in Sources */,
				3C5D47BB2142EABA0004EF49 /* Errors.swift in Sources */,
				3C4DE649214AE41F00985BBB /* Array.swift in Sources */,
				3C5D47C72142F27A0004EF49 /* Entrances.swift in Sources */,
				3C5D47C32142EE570004EF49 /* DataSource.swift in Sources */,
				3C5D47B12142E3880004EF49 /* Color.swift in Sources */,
			);
			runOnlyForDeploymentPostprocessing = 0;
		};
		3C8921FB21496E21004AA78A /* Sources */ = {
			isa = PBXSourcesBuildPhase;
			buildActionMask = 2147483647;
			files = (
				3C8922A021497BF1004AA78A /* Entrances.swift in Sources */,
				3C8922A621497BF1004AA78A /* Station.swift in Sources */,
				3C89229C21497BF1004AA78A /* Colors.swift in Sources */,
				3C8922A121497BF1004AA78A /* Color.swift in Sources */,
				3C89229D21497BF1004AA78A /* Stations.swift in Sources */,
				3C8922AA21497CF6004AA78A /* NSDataAsset.swift in Sources */,
				3C8922A521497BF1004AA78A /* Errors.swift in Sources */,
				3C89229E21497BF1004AA78A /* Complexes.swift in Sources */,
				3C8922A221497BF1004AA78A /* Complex.swift in Sources */,
				3C4DE64A214AE41F00985BBB /* Array.swift in Sources */,
				3C8922A421497BF1004AA78A /* Entrance.swift in Sources */,
				3C8922A321497BF1004AA78A /* DaytimeRoute.swift in Sources */,
				3C89229F21497BF1004AA78A /* DataSource.swift in Sources */,
			);
			runOnlyForDeploymentPostprocessing = 0;
		};
		3C89224B214975BF004AA78A /* Sources */ = {
			isa = PBXSourcesBuildPhase;
			buildActionMask = 2147483647;
			files = (
				3C89226F2149787B004AA78A /* ComplexesTest.swift in Sources */,
				3C8922712149787B004AA78A /* EntrancesTest.swift in Sources */,
				3C89226D2149787B004AA78A /* Shared.swift in Sources */,
				3C8922702149787B004AA78A /* StationsTest.swift in Sources */,
				3C89226E2149787B004AA78A /* ColorsTest.swift in Sources */,
			);
			runOnlyForDeploymentPostprocessing = 0;
		};
		3CCA63A2214381E40057E454 /* Sources */ = {
			isa = PBXSourcesBuildPhase;
			buildActionMask = 2147483647;
			files = (
				3CCA63BF214394B40057E454 /* Shared.swift in Sources */,
				3CCA63CD2143A7EF0057E454 /* EntrancesTest.swift in Sources */,
				3CCA63BD214394840057E454 /* ComplexesTest.swift in Sources */,
				3CCA63C72143A64E0057E454 /* StationsTest.swift in Sources */,
				3CCA63B8214387600057E454 /* ColorsTest.swift in Sources */,
			);
			runOnlyForDeploymentPostprocessing = 0;
		};
/* End PBXSourcesBuildPhase section */

/* Begin PBXTargetDependency section */
		3C892256214975BF004AA78A /* PBXTargetDependency */ = {
			isa = PBXTargetDependency;
			target = 3C8921FF21496E21004AA78A /* NYMTAKit-macOS */;
			targetProxy = 3C892255214975BF004AA78A /* PBXContainerItemProxy */;
		};
		3CCA63AD214381E40057E454 /* PBXTargetDependency */ = {
			isa = PBXTargetDependency;
			target = 3C5D47A12142E2470004EF49 /* NYMTAKit-iOS */;
			targetProxy = 3CCA63AC214381E40057E454 /* PBXContainerItemProxy */;
		};
/* End PBXTargetDependency section */

/* Begin XCBuildConfiguration section */
		3C5D47A82142E2480004EF49 /* Debug */ = {
			isa = XCBuildConfiguration;
			buildSettings = {
				ALWAYS_SEARCH_USER_PATHS = NO;
				CLANG_ANALYZER_NONNULL = YES;
				CLANG_ANALYZER_NUMBER_OBJECT_CONVERSION = YES_AGGRESSIVE;
				CLANG_CXX_LANGUAGE_STANDARD = "gnu++14";
				CLANG_CXX_LIBRARY = "libc++";
				CLANG_ENABLE_MODULES = YES;
				CLANG_ENABLE_OBJC_ARC = YES;
				CLANG_ENABLE_OBJC_WEAK = YES;
				CLANG_WARN_BLOCK_CAPTURE_AUTORELEASING = YES;
				CLANG_WARN_BOOL_CONVERSION = YES;
				CLANG_WARN_COMMA = YES;
				CLANG_WARN_CONSTANT_CONVERSION = YES;
				CLANG_WARN_DEPRECATED_OBJC_IMPLEMENTATIONS = YES;
				CLANG_WARN_DIRECT_OBJC_ISA_USAGE = YES_ERROR;
				CLANG_WARN_DOCUMENTATION_COMMENTS = YES;
				CLANG_WARN_EMPTY_BODY = YES;
				CLANG_WARN_ENUM_CONVERSION = YES;
				CLANG_WARN_INFINITE_RECURSION = YES;
				CLANG_WARN_INT_CONVERSION = YES;
				CLANG_WARN_NON_LITERAL_NULL_CONVERSION = YES;
				CLANG_WARN_OBJC_IMPLICIT_RETAIN_SELF = YES;
				CLANG_WARN_OBJC_LITERAL_CONVERSION = YES;
				CLANG_WARN_OBJC_ROOT_CLASS = YES_ERROR;
				CLANG_WARN_RANGE_LOOP_ANALYSIS = YES;
				CLANG_WARN_STRICT_PROTOTYPES = YES;
				CLANG_WARN_SUSPICIOUS_MOVE = YES;
				CLANG_WARN_UNGUARDED_AVAILABILITY = YES_AGGRESSIVE;
				CLANG_WARN_UNREACHABLE_CODE = YES;
				CLANG_WARN__DUPLICATE_METHOD_MATCH = YES;
				CODE_SIGN_IDENTITY = "iPhone Developer";
				COPY_PHASE_STRIP = NO;
				CURRENT_PROJECT_VERSION = 1;
				DEBUG_INFORMATION_FORMAT = dwarf;
				ENABLE_STRICT_OBJC_MSGSEND = YES;
				ENABLE_TESTABILITY = YES;
				GCC_C_LANGUAGE_STANDARD = gnu11;
				GCC_DYNAMIC_NO_PIC = NO;
				GCC_NO_COMMON_BLOCKS = YES;
				GCC_OPTIMIZATION_LEVEL = 0;
				GCC_PREPROCESSOR_DEFINITIONS = (
					"DEBUG=1",
					"$(inherited)",
				);
				GCC_WARN_64_TO_32_BIT_CONVERSION = YES;
				GCC_WARN_ABOUT_RETURN_TYPE = YES_ERROR;
				GCC_WARN_UNDECLARED_SELECTOR = YES;
				GCC_WARN_UNINITIALIZED_AUTOS = YES_AGGRESSIVE;
				GCC_WARN_UNUSED_FUNCTION = YES;
				GCC_WARN_UNUSED_VARIABLE = YES;
				IPHONEOS_DEPLOYMENT_TARGET = 11.4;
				MTL_ENABLE_DEBUG_INFO = YES;
				ONLY_ACTIVE_ARCH = YES;
				SDKROOT = iphoneos;
				SWIFT_ACTIVE_COMPILATION_CONDITIONS = DEBUG;
				SWIFT_OPTIMIZATION_LEVEL = "-Onone";
				VERSIONING_SYSTEM = "apple-generic";
				VERSION_INFO_PREFIX = "";
			};
			name = Debug;
		};
		3C5D47A92142E2480004EF49 /* Release */ = {
			isa = XCBuildConfiguration;
			buildSettings = {
				ALWAYS_SEARCH_USER_PATHS = NO;
				CLANG_ANALYZER_NONNULL = YES;
				CLANG_ANALYZER_NUMBER_OBJECT_CONVERSION = YES_AGGRESSIVE;
				CLANG_CXX_LANGUAGE_STANDARD = "gnu++14";
				CLANG_CXX_LIBRARY = "libc++";
				CLANG_ENABLE_MODULES = YES;
				CLANG_ENABLE_OBJC_ARC = YES;
				CLANG_ENABLE_OBJC_WEAK = YES;
				CLANG_WARN_BLOCK_CAPTURE_AUTORELEASING = YES;
				CLANG_WARN_BOOL_CONVERSION = YES;
				CLANG_WARN_COMMA = YES;
				CLANG_WARN_CONSTANT_CONVERSION = YES;
				CLANG_WARN_DEPRECATED_OBJC_IMPLEMENTATIONS = YES;
				CLANG_WARN_DIRECT_OBJC_ISA_USAGE = YES_ERROR;
				CLANG_WARN_DOCUMENTATION_COMMENTS = YES;
				CLANG_WARN_EMPTY_BODY = YES;
				CLANG_WARN_ENUM_CONVERSION = YES;
				CLANG_WARN_INFINITE_RECURSION = YES;
				CLANG_WARN_INT_CONVERSION = YES;
				CLANG_WARN_NON_LITERAL_NULL_CONVERSION = YES;
				CLANG_WARN_OBJC_IMPLICIT_RETAIN_SELF = YES;
				CLANG_WARN_OBJC_LITERAL_CONVERSION = YES;
				CLANG_WARN_OBJC_ROOT_CLASS = YES_ERROR;
				CLANG_WARN_RANGE_LOOP_ANALYSIS = YES;
				CLANG_WARN_STRICT_PROTOTYPES = YES;
				CLANG_WARN_SUSPICIOUS_MOVE = YES;
				CLANG_WARN_UNGUARDED_AVAILABILITY = YES_AGGRESSIVE;
				CLANG_WARN_UNREACHABLE_CODE = YES;
				CLANG_WARN__DUPLICATE_METHOD_MATCH = YES;
				CODE_SIGN_IDENTITY = "iPhone Developer";
				COPY_PHASE_STRIP = NO;
				CURRENT_PROJECT_VERSION = 1;
				DEBUG_INFORMATION_FORMAT = "dwarf-with-dsym";
				ENABLE_NS_ASSERTIONS = NO;
				ENABLE_STRICT_OBJC_MSGSEND = YES;
				GCC_C_LANGUAGE_STANDARD = gnu11;
				GCC_NO_COMMON_BLOCKS = YES;
				GCC_WARN_64_TO_32_BIT_CONVERSION = YES;
				GCC_WARN_ABOUT_RETURN_TYPE = YES_ERROR;
				GCC_WARN_UNDECLARED_SELECTOR = YES;
				GCC_WARN_UNINITIALIZED_AUTOS = YES_AGGRESSIVE;
				GCC_WARN_UNUSED_FUNCTION = YES;
				GCC_WARN_UNUSED_VARIABLE = YES;
				IPHONEOS_DEPLOYMENT_TARGET = 11.4;
				MTL_ENABLE_DEBUG_INFO = NO;
				SDKROOT = iphoneos;
				SWIFT_COMPILATION_MODE = wholemodule;
				SWIFT_OPTIMIZATION_LEVEL = "-O";
				VALIDATE_PRODUCT = YES;
				VERSIONING_SYSTEM = "apple-generic";
				VERSION_INFO_PREFIX = "";
			};
			name = Release;
		};
		3C5D47AB2142E2480004EF49 /* Debug */ = {
			isa = XCBuildConfiguration;
			buildSettings = {
				CLANG_ENABLE_MODULES = YES;
				CODE_SIGN_IDENTITY = "";
				CODE_SIGN_STYLE = Automatic;
				DEFINES_MODULE = YES;
				DYLIB_COMPATIBILITY_VERSION = 1;
				DYLIB_CURRENT_VERSION = 1;
				DYLIB_INSTALL_NAME_BASE = "@rpath";
				FRAMEWORK_SEARCH_PATHS = (
					"$(inherited)",
					"$(PROJECT_DIR)/Carthage/Build/iOS",
				);
				INFOPLIST_FILE = NYMTAKit/Info.plist;
				INSTALL_PATH = "$(LOCAL_LIBRARY_DIR)/Frameworks";
				LD_RUNPATH_SEARCH_PATHS = (
					"$(inherited)",
					"@executable_path/Frameworks",
					"@loader_path/Frameworks",
				);
				PRODUCT_BUNDLE_IDENTIFIER = com.adorkable.NYMTAKit;
				PRODUCT_NAME = NYMTAKit;
				SKIP_INSTALL = YES;
				SWIFT_OPTIMIZATION_LEVEL = "-Onone";
				SWIFT_VERSION = 4.0;
				TARGETED_DEVICE_FAMILY = "1,2";
			};
			name = Debug;
		};
		3C5D47AC2142E2480004EF49 /* Release */ = {
			isa = XCBuildConfiguration;
			buildSettings = {
				CLANG_ENABLE_MODULES = YES;
				CODE_SIGN_IDENTITY = "";
				CODE_SIGN_STYLE = Automatic;
				DEFINES_MODULE = YES;
				DYLIB_COMPATIBILITY_VERSION = 1;
				DYLIB_CURRENT_VERSION = 1;
				DYLIB_INSTALL_NAME_BASE = "@rpath";
				FRAMEWORK_SEARCH_PATHS = (
					"$(inherited)",
					"$(PROJECT_DIR)/Carthage/Build/iOS",
				);
				INFOPLIST_FILE = NYMTAKit/Info.plist;
				INSTALL_PATH = "$(LOCAL_LIBRARY_DIR)/Frameworks";
				LD_RUNPATH_SEARCH_PATHS = (
					"$(inherited)",
					"@executable_path/Frameworks",
					"@loader_path/Frameworks",
				);
				PRODUCT_BUNDLE_IDENTIFIER = com.adorkable.NYMTAKit;
				PRODUCT_NAME = NYMTAKit;
				SKIP_INSTALL = YES;
				SWIFT_VERSION = 4.0;
				TARGETED_DEVICE_FAMILY = "1,2";
			};
			name = Release;
		};
		3C89220621496E21004AA78A /* Debug */ = {
			isa = XCBuildConfiguration;
			buildSettings = {
				CODE_SIGN_IDENTITY = "-";
				CODE_SIGN_STYLE = Automatic;
				COMBINE_HIDPI_IMAGES = YES;
				DEFINES_MODULE = YES;
				DYLIB_COMPATIBILITY_VERSION = 1;
				DYLIB_CURRENT_VERSION = 1;
				DYLIB_INSTALL_NAME_BASE = "@rpath";
				FRAMEWORK_SEARCH_PATHS = (
					"$(inherited)",
					"$(PROJECT_DIR)/Carthage/Build/Mac",
				);
				FRAMEWORK_VERSION = A;
				INFOPLIST_FILE = "$(SRCROOT)/NYMTAKit/Info.plist";
				INSTALL_PATH = "$(LOCAL_LIBRARY_DIR)/Frameworks";
				LD_RUNPATH_SEARCH_PATHS = (
					"$(inherited)",
					"@executable_path/../Frameworks",
					"@loader_path/Frameworks",
				);
				MACOSX_DEPLOYMENT_TARGET = 10.13;
				PRODUCT_BUNDLE_IDENTIFIER = com.adorkable.NYCMTAKit;
				PRODUCT_NAME = NYMTAKit;
				SDKROOT = macosx;
				SKIP_INSTALL = YES;
				SWIFT_VERSION = 4.0;
			};
			name = Debug;
		};
		3C89220721496E21004AA78A /* Release */ = {
			isa = XCBuildConfiguration;
			buildSettings = {
				CODE_SIGN_IDENTITY = "-";
				CODE_SIGN_STYLE = Automatic;
				COMBINE_HIDPI_IMAGES = YES;
				DEFINES_MODULE = YES;
				DYLIB_COMPATIBILITY_VERSION = 1;
				DYLIB_CURRENT_VERSION = 1;
				DYLIB_INSTALL_NAME_BASE = "@rpath";
				FRAMEWORK_SEARCH_PATHS = (
					"$(inherited)",
					"$(PROJECT_DIR)/Carthage/Build/Mac",
				);
				FRAMEWORK_VERSION = A;
				INFOPLIST_FILE = "$(SRCROOT)/NYMTAKit/Info.plist";
				INSTALL_PATH = "$(LOCAL_LIBRARY_DIR)/Frameworks";
				LD_RUNPATH_SEARCH_PATHS = (
					"$(inherited)",
					"@executable_path/../Frameworks",
					"@loader_path/Frameworks",
				);
				MACOSX_DEPLOYMENT_TARGET = 10.13;
				PRODUCT_BUNDLE_IDENTIFIER = com.adorkable.NYCMTAKit;
				PRODUCT_NAME = NYMTAKit;
				SDKROOT = macosx;
				SKIP_INSTALL = YES;
				SWIFT_VERSION = 4.0;
			};
			name = Release;
		};
		3C892258214975BF004AA78A /* Debug */ = {
			isa = XCBuildConfiguration;
			buildSettings = {
				ALWAYS_EMBED_SWIFT_STANDARD_LIBRARIES = YES;
				CODE_SIGN_IDENTITY = "-";
				CODE_SIGN_STYLE = Automatic;
				COMBINE_HIDPI_IMAGES = YES;
				FRAMEWORK_SEARCH_PATHS = (
					"$(inherited)",
					"$(PROJECT_DIR)/Carthage/Build/Mac",
				);
				INFOPLIST_FILE = NYMTAKitTests/Info.plist;
				LD_RUNPATH_SEARCH_PATHS = (
					"$(inherited)",
					"@executable_path/../Frameworks",
					"@loader_path/../Frameworks",
				);
				MACOSX_DEPLOYMENT_TARGET = 10.13;
				PRODUCT_BUNDLE_IDENTIFIER = com.adorkable.NYMTAKitTests;
				PRODUCT_NAME = NYMTAKitTests;
				SDKROOT = macosx;
				SWIFT_VERSION = 4.0;
			};
			name = Debug;
		};
		3C892259214975BF004AA78A /* Release */ = {
			isa = XCBuildConfiguration;
			buildSettings = {
				ALWAYS_EMBED_SWIFT_STANDARD_LIBRARIES = YES;
				CODE_SIGN_IDENTITY = "-";
				CODE_SIGN_STYLE = Automatic;
				COMBINE_HIDPI_IMAGES = YES;
				FRAMEWORK_SEARCH_PATHS = (
					"$(inherited)",
					"$(PROJECT_DIR)/Carthage/Build/Mac",
				);
				INFOPLIST_FILE = NYMTAKitTests/Info.plist;
				LD_RUNPATH_SEARCH_PATHS = (
					"$(inherited)",
					"@executable_path/../Frameworks",
					"@loader_path/../Frameworks",
				);
				MACOSX_DEPLOYMENT_TARGET = 10.13;
				PRODUCT_BUNDLE_IDENTIFIER = com.adorkable.NYMTAKitTests;
				PRODUCT_NAME = NYMTAKitTests;
				SDKROOT = macosx;
				SWIFT_VERSION = 4.0;
			};
			name = Release;
		};
		3CCA63AF214381E40057E454 /* Debug */ = {
			isa = XCBuildConfiguration;
			buildSettings = {
				CODE_SIGN_STYLE = Automatic;
				INFOPLIST_FILE = NYMTAKitTests/Info.plist;
				LD_RUNPATH_SEARCH_PATHS = (
					"$(inherited)",
					"@executable_path/Frameworks",
					"@loader_path/Frameworks",
				);
				PRODUCT_BUNDLE_IDENTIFIER = com.adorkable.NYMTAKitTests;
				PRODUCT_NAME = NYMTAKitTests;
				SWIFT_VERSION = 4.0;
				TARGETED_DEVICE_FAMILY = "1,2";
			};
			name = Debug;
		};
		3CCA63B0214381E40057E454 /* Release */ = {
			isa = XCBuildConfiguration;
			buildSettings = {
				CODE_SIGN_STYLE = Automatic;
				INFOPLIST_FILE = NYMTAKitTests/Info.plist;
				LD_RUNPATH_SEARCH_PATHS = (
					"$(inherited)",
					"@executable_path/Frameworks",
					"@loader_path/Frameworks",
				);
				PRODUCT_BUNDLE_IDENTIFIER = com.adorkable.NYMTAKitTests;
				PRODUCT_NAME = NYMTAKitTests;
				SWIFT_VERSION = 4.0;
				TARGETED_DEVICE_FAMILY = "1,2";
			};
			name = Release;
		};
/* End XCBuildConfiguration section */

/* Begin XCConfigurationList section */
		3C5D479C2142E2470004EF49 /* Build configuration list for PBXProject "NYMTAKit" */ = {
			isa = XCConfigurationList;
			buildConfigurations = (
				3C5D47A82142E2480004EF49 /* Debug */,
				3C5D47A92142E2480004EF49 /* Release */,
			);
			defaultConfigurationIsVisible = 0;
			defaultConfigurationName = Release;
		};
		3C5D47AA2142E2480004EF49 /* Build configuration list for PBXNativeTarget "NYMTAKit-iOS" */ = {
			isa = XCConfigurationList;
			buildConfigurations = (
				3C5D47AB2142E2480004EF49 /* Debug */,
				3C5D47AC2142E2480004EF49 /* Release */,
			);
			defaultConfigurationIsVisible = 0;
			defaultConfigurationName = Release;
		};
		3C89220521496E21004AA78A /* Build configuration list for PBXNativeTarget "NYMTAKit-macOS" */ = {
			isa = XCConfigurationList;
			buildConfigurations = (
				3C89220621496E21004AA78A /* Debug */,
				3C89220721496E21004AA78A /* Release */,
			);
			defaultConfigurationIsVisible = 0;
			defaultConfigurationName = Release;
		};
		3C892257214975BF004AA78A /* Build configuration list for PBXNativeTarget "NYMTAKitTests-macOS" */ = {
			isa = XCConfigurationList;
			buildConfigurations = (
				3C892258214975BF004AA78A /* Debug */,
				3C892259214975BF004AA78A /* Release */,
			);
			defaultConfigurationIsVisible = 0;
			defaultConfigurationName = Release;
		};
		3CCA63AE214381E40057E454 /* Build configuration list for PBXNativeTarget "NYMTAKitTests-iOS" */ = {
			isa = XCConfigurationList;
			buildConfigurations = (
				3CCA63AF214381E40057E454 /* Debug */,
				3CCA63B0214381E40057E454 /* Release */,
			);
			defaultConfigurationIsVisible = 0;
			defaultConfigurationName = Release;
		};
/* End XCConfigurationList section */
	};
	rootObject = 3C5D47992142E2470004EF49 /* Project object */;
}
